// !$*UTF8*$!
{
	archiveVersion = 1;
	classes = {
	};
	objectVersion = 77;
	objects = {

/* Begin PBXBuildFile section */
		0F8FFB4D6A9BD4074AF5795B /* ToolsCatalogService.swift in Sources */ = {isa = PBXBuildFile; fileRef = FE9A703D6E90E333D4857559 /* ToolsCatalogService.swift */; };
		10A9FD47F04B321825505D0E /* DashboardView.swift in Sources */ = {isa = PBXBuildFile; fileRef = 6C9C0ED8C39528A07161E553 /* DashboardView.swift */; };
		10CE10DD8193603C68610BB1 /* PersistenceContainer.swift in Sources */ = {isa = PBXBuildFile; fileRef = 768982112324E0150937A68D /* PersistenceContainer.swift */; };
		13BDB4A5FA7284FCCC900EC6 /* CallsView.swift in Sources */ = {isa = PBXBuildFile; fileRef = C71029DA4234A72C42C952DC /* CallsView.swift */; };
		1E98FB17E640348E52512F46 /* ContentView.swift in Sources */ = {isa = PBXBuildFile; fileRef = E0F0E69B6C7CE2EBB88DDC47 /* ContentView.swift */; };
		21577310B33F787201EE9FD9 /* SessionsView.swift in Sources */ = {isa = PBXBuildFile; fileRef = ED419DD19D4D78B66E31011F /* SessionsView.swift */; };
		26D864E1A108689FAF00252E /* GatewayService.swift in Sources */ = {isa = PBXBuildFile; fileRef = 69616A263537494B9D743A01 /* GatewayService.swift */; };
		344D547C4B4C89A5011C6415 /* ConnectionSettingsView.swift in Sources */ = {isa = PBXBuildFile; fileRef = 82C9DB6B406004189C21DDDF /* ConnectionSettingsView.swift */; };
		35CCB235846DFB11FB94546E /* NodesView.swift in Sources */ = {isa = PBXBuildFile; fileRef = 71406F827F6408AE09FAA560 /* NodesView.swift */; };
		3B4935B135356BDDE2C1F080 /* OpenClawProtocol in Frameworks */ = {isa = PBXBuildFile; productRef = F4A61E12C7CABAC8B51BD459 /* OpenClawProtocol */; };
		3FEC91D0A22914016A28E14A /* UsersDataService.swift in Sources */ = {isa = PBXBuildFile; fileRef = 4BD9558F7023937EA2A29E52 /* UsersDataService.swift */; };
		4128463ADB321822EB5FF444 /* AuthService.swift in Sources */ = {isa = PBXBuildFile; fileRef = A3C7973D896788BFDB71F813 /* AuthService.swift */; };
		460B9D5ED99FABA763BDC13E /* DevicesView.swift in Sources */ = {isa = PBXBuildFile; fileRef = DC13694911AEC2BE54F9D698 /* DevicesView.swift */; };
		57DD97801B575B6BBDDB2749 /* KeychainStore.swift in Sources */ = {isa = PBXBuildFile; fileRef = 410EA26436F2FB7AEECCEA01 /* KeychainStore.swift */; };
		589F1A50249FEFD603F3B655 /* CronView.swift in Sources */ = {isa = PBXBuildFile; fileRef = 299DA14C67D2ADFF43C5F249 /* CronView.swift */; };
		5932BA698B798605D7247405 /* MonitoringView.swift in Sources */ = {isa = PBXBuildFile; fileRef = 8ADCF3AB9AA1420C8D2F73D9 /* MonitoringView.swift */; };
		60A520B0EE9B2D3E2092ED85 /* NodesDevicesService.swift in Sources */ = {isa = PBXBuildFile; fileRef = 1E9990238C49AF0E26410269 /* NodesDevicesService.swift */; };
		628013BAB9FE9BF48B91A54D /* AgentVisibilityFilter.swift in Sources */ = {isa = PBXBuildFile; fileRef = 7F5BDED9523A1BEC3B4DC97B /* AgentVisibilityFilter.swift */; };
		657861719D256B0B94502680 /* ToolsView.swift in Sources */ = {isa = PBXBuildFile; fileRef = 90B99515394F6A2BD884DDD8 /* ToolsView.swift */; };
		6A720777D3498C7109EBDFF7 /* ChatContainerView.swift in Sources */ = {isa = PBXBuildFile; fileRef = 6F4F9F21788DE541E7D1E968 /* ChatContainerView.swift */; };
		6B6388146A951EE4616772DD /* SkillsView.swift in Sources */ = {isa = PBXBuildFile; fileRef = 043FE15D72475CF444AAD1DD /* SkillsView.swift */; };
		80616985D9AE25E6829DAF2F /* OpenClawChatUI in Frameworks */ = {isa = PBXBuildFile; productRef = 39C378382B4F14B9EA0EDCD9 /* OpenClawChatUI */; };
		8898E279B2DDD3C55B12C0E5 /* OpenClawManagementIOS.swift in Sources */ = {isa = PBXBuildFile; fileRef = 02AA9FC3EE3C164DF00A6BB6 /* OpenClawManagementIOS.swift */; };
		93E09F6F3442C29A52D529B0 /* PermissionsDataService.swift in Sources */ = {isa = PBXBuildFile; fileRef = A890689B8CB3E62CC7909EAF /* PermissionsDataService.swift */; };
		97C4AC650A45D31034A1EB47 /* PermissionsView.swift in Sources */ = {isa = PBXBuildFile; fileRef = D0DC617D90B7DC96BDDAC0B5 /* PermissionsView.swift */; };
		9F08FAF0E7BA73A5A3FCF867 /* AgentsView.swift in Sources */ = {isa = PBXBuildFile; fileRef = 78460407DE02115299E479D0 /* AgentsView.swift */; };
		AC83CAFAAD972CB00FA5DD1B /* DesignTokens.swift in Sources */ = {isa = PBXBuildFile; fileRef = 1C7879928A6F272BB14132F1 /* DesignTokens.swift */; };
		B51EDBF11957F5398B5EDA76 /* SkillsDataService.swift in Sources */ = {isa = PBXBuildFile; fileRef = 6943857A9306B6FE8A74FFEC /* SkillsDataService.swift */; };
		C2330CF1BD6D724C51738096 /* GatewayJSON.swift in Sources */ = {isa = PBXBuildFile; fileRef = 9EC82249A5F0A8C92E81219F /* GatewayJSON.swift */; };
		CCE7CBA6289F6D3C22E755BE /* UserSheets.swift in Sources */ = {isa = PBXBuildFile; fileRef = AFD0D0BDB9189054F5131F16 /* UserSheets.swift */; };
		CF8141E2985EF90B576E4C39 /* SwiftUI+Extensions.swift in Sources */ = {isa = PBXBuildFile; fileRef = B01663B9CDC45A481E4282B6 /* SwiftUI+Extensions.swift */; };
		D8526C63F5088B38AB0CCF9D /* UsersView.swift in Sources */ = {isa = PBXBuildFile; fileRef = 95BCD28785D1CF3A247BA28F /* UsersView.swift */; };
		DF35431C3124EE466749A6FC /* LogsView.swift in Sources */ = {isa = PBXBuildFile; fileRef = 542CF0780199ACB7DCA6FE3A /* LogsView.swift */; };
		E2218858CF75A9566D226F0C /* OperatorChatTransport.swift in Sources */ = {isa = PBXBuildFile; fileRef = F4F866350BC9A258A522755D /* OperatorChatTransport.swift */; };
		E5B775169C675FA093BCDEC8 /* CronService.swift in Sources */ = {isa = PBXBuildFile; fileRef = E688D7DD7FC3B8E4BC364E11 /* CronService.swift */; };
		ECEDCFBD9FE70A5C34C794CC /* LoginView.swift in Sources */ = {isa = PBXBuildFile; fileRef = 9757EA57DA95EC2A637E58DA /* LoginView.swift */; };
		EF214B82A1C4C13A7C3E7D79 /* SettingsStore.swift in Sources */ = {isa = PBXBuildFile; fileRef = 2800FB1EEF5AE6C1F3583E5A /* SettingsStore.swift */; };
		F01F740CD6CEA2B6A6E9B2C4 /* AppUser.swift in Sources */ = {isa = PBXBuildFile; fileRef = 08534A8F4FD5400A356192AD /* AppUser.swift */; };
		FA5358B323A9869134BAF52A /* OpenClawKit in Frameworks */ = {isa = PBXBuildFile; productRef = 2BEA4BC7B2E503FB141E5190 /* OpenClawKit */; };
/* End PBXBuildFile section */

/* Begin PBXFileReference section */
		02AA9FC3EE3C164DF00A6BB6 /* OpenClawManagementIOS.swift */ = {isa = PBXFileReference; lastKnownFileType = sourcecode.swift; path = OpenClawManagementIOS.swift; sourceTree = "<group>"; };
		043FE15D72475CF444AAD1DD /* SkillsView.swift */ = {isa = PBXFileReference; lastKnownFileType = sourcecode.swift; path = SkillsView.swift; sourceTree = "<group>"; };
		08534A8F4FD5400A356192AD /* AppUser.swift */ = {isa = PBXFileReference; lastKnownFileType = sourcecode.swift; path = AppUser.swift; sourceTree = "<group>"; };
		1C7879928A6F272BB14132F1 /* DesignTokens.swift */ = {isa = PBXFileReference; lastKnownFileType = sourcecode.swift; path = DesignTokens.swift; sourceTree = "<group>"; };
		1E9990238C49AF0E26410269 /* NodesDevicesService.swift */ = {isa = PBXFileReference; lastKnownFileType = sourcecode.swift; path = NodesDevicesService.swift; sourceTree = "<group>"; };
		2800FB1EEF5AE6C1F3583E5A /* SettingsStore.swift */ = {isa = PBXFileReference; lastKnownFileType = sourcecode.swift; path = SettingsStore.swift; sourceTree = "<group>"; };
		299DA14C67D2ADFF43C5F249 /* CronView.swift */ = {isa = PBXFileReference; lastKnownFileType = sourcecode.swift; path = CronView.swift; sourceTree = "<group>"; };
		410EA26436F2FB7AEECCEA01 /* KeychainStore.swift */ = {isa = PBXFileReference; lastKnownFileType = sourcecode.swift; path = KeychainStore.swift; sourceTree = "<group>"; };
		4BD9558F7023937EA2A29E52 /* UsersDataService.swift */ = {isa = PBXFileReference; lastKnownFileType = sourcecode.swift; path = UsersDataService.swift; sourceTree = "<group>"; };
		542CF0780199ACB7DCA6FE3A /* LogsView.swift */ = {isa = PBXFileReference; lastKnownFileType = sourcecode.swift; path = LogsView.swift; sourceTree = "<group>"; };
		5A56CECFFE9AC694475ECB93 /* OpenClawKit */ = {isa = PBXFileReference; lastKnownFileType = folder; name = OpenClawKit; path = ../../shared/OpenClawKit; sourceTree = SOURCE_ROOT; };
		6854712661D24BB32D9A19D0 /* OpenClawManagementIOSApp.app */ = {isa = PBXFileReference; includeInIndex = 0; lastKnownFileType = wrapper.application; path = OpenClawManagementIOSApp.app; sourceTree = BUILT_PRODUCTS_DIR; };
		6943857A9306B6FE8A74FFEC /* SkillsDataService.swift */ = {isa = PBXFileReference; lastKnownFileType = sourcecode.swift; path = SkillsDataService.swift; sourceTree = "<group>"; };
		69616A263537494B9D743A01 /* GatewayService.swift */ = {isa = PBXFileReference; lastKnownFileType = sourcecode.swift; path = GatewayService.swift; sourceTree = "<group>"; };
		6C9C0ED8C39528A07161E553 /* DashboardView.swift */ = {isa = PBXFileReference; lastKnownFileType = sourcecode.swift; path = DashboardView.swift; sourceTree = "<group>"; };
		6F4F9F21788DE541E7D1E968 /* ChatContainerView.swift */ = {isa = PBXFileReference; lastKnownFileType = sourcecode.swift; path = ChatContainerView.swift; sourceTree = "<group>"; };
		71406F827F6408AE09FAA560 /* NodesView.swift */ = {isa = PBXFileReference; lastKnownFileType = sourcecode.swift; path = NodesView.swift; sourceTree = "<group>"; };
		768982112324E0150937A68D /* PersistenceContainer.swift */ = {isa = PBXFileReference; lastKnownFileType = sourcecode.swift; path = PersistenceContainer.swift; sourceTree = "<group>"; };
		78460407DE02115299E479D0 /* AgentsView.swift */ = {isa = PBXFileReference; lastKnownFileType = sourcecode.swift; path = AgentsView.swift; sourceTree = "<group>"; };
		7F5BDED9523A1BEC3B4DC97B /* AgentVisibilityFilter.swift */ = {isa = PBXFileReference; lastKnownFileType = sourcecode.swift; path = AgentVisibilityFilter.swift; sourceTree = "<group>"; };
		82C9DB6B406004189C21DDDF /* ConnectionSettingsView.swift */ = {isa = PBXFileReference; lastKnownFileType = sourcecode.swift; path = ConnectionSettingsView.swift; sourceTree = "<group>"; };
		8ADCF3AB9AA1420C8D2F73D9 /* MonitoringView.swift */ = {isa = PBXFileReference; lastKnownFileType = sourcecode.swift; path = MonitoringView.swift; sourceTree = "<group>"; };
		90B99515394F6A2BD884DDD8 /* ToolsView.swift */ = {isa = PBXFileReference; lastKnownFileType = sourcecode.swift; path = ToolsView.swift; sourceTree = "<group>"; };
		95BCD28785D1CF3A247BA28F /* UsersView.swift */ = {isa = PBXFileReference; lastKnownFileType = sourcecode.swift; path = UsersView.swift; sourceTree = "<group>"; };
		9757EA57DA95EC2A637E58DA /* LoginView.swift */ = {isa = PBXFileReference; lastKnownFileType = sourcecode.swift; path = LoginView.swift; sourceTree = "<group>"; };
		9EC82249A5F0A8C92E81219F /* GatewayJSON.swift */ = {isa = PBXFileReference; lastKnownFileType = sourcecode.swift; path = GatewayJSON.swift; sourceTree = "<group>"; };
		A3C7973D896788BFDB71F813 /* AuthService.swift */ = {isa = PBXFileReference; lastKnownFileType = sourcecode.swift; path = AuthService.swift; sourceTree = "<group>"; };
		A890689B8CB3E62CC7909EAF /* PermissionsDataService.swift */ = {isa = PBXFileReference; lastKnownFileType = sourcecode.swift; path = PermissionsDataService.swift; sourceTree = "<group>"; };
		AFD0D0BDB9189054F5131F16 /* UserSheets.swift */ = {isa = PBXFileReference; lastKnownFileType = sourcecode.swift; path = UserSheets.swift; sourceTree = "<group>"; };
		B01663B9CDC45A481E4282B6 /* SwiftUI+Extensions.swift */ = {isa = PBXFileReference; lastKnownFileType = sourcecode.swift; path = "SwiftUI+Extensions.swift"; sourceTree = "<group>"; };
		C71029DA4234A72C42C952DC /* CallsView.swift */ = {isa = PBXFileReference; lastKnownFileType = sourcecode.swift; path = CallsView.swift; sourceTree = "<group>"; };
		D0DC617D90B7DC96BDDAC0B5 /* PermissionsView.swift */ = {isa = PBXFileReference; lastKnownFileType = sourcecode.swift; path = PermissionsView.swift; sourceTree = "<group>"; };
		DC13694911AEC2BE54F9D698 /* DevicesView.swift */ = {isa = PBXFileReference; lastKnownFileType = sourcecode.swift; path = DevicesView.swift; sourceTree = "<group>"; };
		E0F0E69B6C7CE2EBB88DDC47 /* ContentView.swift */ = {isa = PBXFileReference; lastKnownFileType = sourcecode.swift; path = ContentView.swift; sourceTree = "<group>"; };
		E688D7DD7FC3B8E4BC364E11 /* CronService.swift */ = {isa = PBXFileReference; lastKnownFileType = sourcecode.swift; path = CronService.swift; sourceTree = "<group>"; };
		ED419DD19D4D78B66E31011F /* SessionsView.swift */ = {isa = PBXFileReference; lastKnownFileType = sourcecode.swift; path = SessionsView.swift; sourceTree = "<group>"; };
		F4F866350BC9A258A522755D /* OperatorChatTransport.swift */ = {isa = PBXFileReference; lastKnownFileType = sourcecode.swift; path = OperatorChatTransport.swift; sourceTree = "<group>"; };
		FE9A703D6E90E333D4857559 /* ToolsCatalogService.swift */ = {isa = PBXFileReference; lastKnownFileType = sourcecode.swift; path = ToolsCatalogService.swift; sourceTree = "<group>"; };
/* End PBXFileReference section */

/* Begin PBXFrameworksBuildPhase section */
		5BE55CD337BFCA39EADA8259 /* Frameworks */ = {
			isa = PBXFrameworksBuildPhase;
			buildActionMask = 2147483647;
			files = (
				FA5358B323A9869134BAF52A /* OpenClawKit in Frameworks */,
				3B4935B135356BDDE2C1F080 /* OpenClawProtocol in Frameworks */,
				80616985D9AE25E6829DAF2F /* OpenClawChatUI in Frameworks */,
			);
			runOnlyForDeploymentPostprocessing = 0;
		};
/* End PBXFrameworksBuildPhase section */

/* Begin PBXGroup section */
		16701FBE158F62E8C0DC4E2B /* Models */ = {
			isa = PBXGroup;
			children = (
				08534A8F4FD5400A356192AD /* AppUser.swift */,
			);
			path = Models;
			sourceTree = "<group>";
		};
		1845004F36C930CD3E87B3DD /* Users */ = {
			isa = PBXGroup;
			children = (
				AFD0D0BDB9189054F5131F16 /* UserSheets.swift */,
				95BCD28785D1CF3A247BA28F /* UsersView.swift */,
			);
			path = Users;
			sourceTree = "<group>";
		};
		1B9D4676AC0E08385DD5388A /* Products */ = {
			isa = PBXGroup;
			children = (
				6854712661D24BB32D9A19D0 /* OpenClawManagementIOSApp.app */,
			);
			name = Products;
			sourceTree = "<group>";
		};
		2217E8D5BB93B504F472BFD9 /* Cron */ = {
			isa = PBXGroup;
			children = (
				299DA14C67D2ADFF43C5F249 /* CronView.swift */,
			);
			path = Cron;
			sourceTree = "<group>";
		};
		25FD5855C177FE67A510E445 /* App */ = {
			isa = PBXGroup;
			children = (
				E0F0E69B6C7CE2EBB88DDC47 /* ContentView.swift */,
				02AA9FC3EE3C164DF00A6BB6 /* OpenClawManagementIOS.swift */,
			);
			path = App;
			sourceTree = "<group>";
		};
		293E3FCBA2FB97B2C6DEEFF3 /* Logs */ = {
			isa = PBXGroup;
			children = (
				542CF0780199ACB7DCA6FE3A /* LogsView.swift */,
			);
			path = Logs;
			sourceTree = "<group>";
		};
		2A96F33DE62B2CEC3AF812B7 /* Nodes */ = {
			isa = PBXGroup;
			children = (
				71406F827F6408AE09FAA560 /* NodesView.swift */,
			);
			path = Nodes;
			sourceTree = "<group>";
		};
		2EF17C68A84BD41DEE1D8566 /* Devices */ = {
			isa = PBXGroup;
			children = (
				DC13694911AEC2BE54F9D698 /* DevicesView.swift */,
			);
			path = Devices;
			sourceTree = "<group>";
		};
		569C512C79F9A0DA6C52741B /* Agents */ = {
			isa = PBXGroup;
			children = (
				78460407DE02115299E479D0 /* AgentsView.swift */,
			);
			path = Agents;
			sourceTree = "<group>";
		};
		6380D04D69B68A36727474A0 /* Skills */ = {
			isa = PBXGroup;
			children = (
				043FE15D72475CF444AAD1DD /* SkillsView.swift */,
			);
			path = Skills;
			sourceTree = "<group>";
		};
		6F67B814D471C4365A886C1E /* Calls */ = {
			isa = PBXGroup;
			children = (
				C71029DA4234A72C42C952DC /* CallsView.swift */,
			);
			path = Calls;
			sourceTree = "<group>";
		};
		8726052DCBB74CD54ADC6555 /* Permissions */ = {
			isa = PBXGroup;
			children = (
				D0DC617D90B7DC96BDDAC0B5 /* PermissionsView.swift */,
			);
			path = Permissions;
			sourceTree = "<group>";
		};
		8986B6B62484D7484FD189FB /* Auth */ = {
			isa = PBXGroup;
			children = (
				9757EA57DA95EC2A637E58DA /* LoginView.swift */,
			);
			path = Auth;
			sourceTree = "<group>";
		};
		952065192122248BDBA6FE6A /* Dashboard */ = {
			isa = PBXGroup;
			children = (
				6C9C0ED8C39528A07161E553 /* DashboardView.swift */,
			);
			path = Dashboard;
			sourceTree = "<group>";
		};
		A019D82C178C3CC6032AF8C3 /* Monitoring */ = {
			isa = PBXGroup;
			children = (
				8ADCF3AB9AA1420C8D2F73D9 /* MonitoringView.swift */,
			);
			path = Monitoring;
			sourceTree = "<group>";
		};
		AB6256D4B45BC717D9AA2FFA /* Features */ = {
			isa = PBXGroup;
			children = (
				569C512C79F9A0DA6C52741B /* Agents */,
				8986B6B62484D7484FD189FB /* Auth */,
				6F67B814D471C4365A886C1E /* Calls */,
				B13E517B5D3E2D725605538D /* Chat */,
				2217E8D5BB93B504F472BFD9 /* Cron */,
				952065192122248BDBA6FE6A /* Dashboard */,
				2EF17C68A84BD41DEE1D8566 /* Devices */,
				293E3FCBA2FB97B2C6DEEFF3 /* Logs */,
				A019D82C178C3CC6032AF8C3 /* Monitoring */,
				2A96F33DE62B2CEC3AF812B7 /* Nodes */,
				8726052DCBB74CD54ADC6555 /* Permissions */,
				EF971AB029FBBA69911B2F38 /* Sessions */,
				BFDEEF2355E1BD7B734A79CC /* Settings */,
				6380D04D69B68A36727474A0 /* Skills */,
				B8D04F3217C1BA8ED52405F6 /* Tools */,
				1845004F36C930CD3E87B3DD /* Users */,
			);
			path = Features;
			sourceTree = "<group>";
		};
		AE2509EA92D3C8800AACD39A /* Theme */ = {
			isa = PBXGroup;
			children = (
				1C7879928A6F272BB14132F1 /* DesignTokens.swift */,
				B01663B9CDC45A481E4282B6 /* SwiftUI+Extensions.swift */,
			);
			path = Theme;
			sourceTree = "<group>";
		};
		B13E517B5D3E2D725605538D /* Chat */ = {
			isa = PBXGroup;
			children = (
				6F4F9F21788DE541E7D1E968 /* ChatContainerView.swift */,
			);
			path = Chat;
			sourceTree = "<group>";
		};
		B8D04F3217C1BA8ED52405F6 /* Tools */ = {
			isa = PBXGroup;
			children = (
				90B99515394F6A2BD884DDD8 /* ToolsView.swift */,
			);
			path = Tools;
			sourceTree = "<group>";
		};
		BFDEEF2355E1BD7B734A79CC /* Settings */ = {
			isa = PBXGroup;
			children = (
				82C9DB6B406004189C21DDDF /* ConnectionSettingsView.swift */,
			);
			path = Settings;
			sourceTree = "<group>";
		};
		C2727F5CB61643F5DE00E66D = {
			isa = PBXGroup;
			children = (
				D06F441B0FD8BEA4A9B58A05 /* OpenClawManagementIOS */,
				EEB1F8BCCE52B965F91241E4 /* Packages */,
				1B9D4676AC0E08385DD5388A /* Products */,
			);
			sourceTree = "<group>";
		};
		D06F441B0FD8BEA4A9B58A05 /* OpenClawManagementIOS */ = {
			isa = PBXGroup;
			children = (
				25FD5855C177FE67A510E445 /* App */,
				AB6256D4B45BC717D9AA2FFA /* Features */,
				16701FBE158F62E8C0DC4E2B /* Models */,
				FC8194F589C7EF1C3E4AB306 /* Services */,
				AE2509EA92D3C8800AACD39A /* Theme */,
			);
			name = OpenClawManagementIOS;
			path = ../Sources/OpenClawManagementIOS;
			sourceTree = "<group>";
		};
		EEB1F8BCCE52B965F91241E4 /* Packages */ = {
			isa = PBXGroup;
			children = (
				5A56CECFFE9AC694475ECB93 /* OpenClawKit */,
			);
			name = Packages;
			sourceTree = "<group>";
		};
		EF971AB029FBBA69911B2F38 /* Sessions */ = {
			isa = PBXGroup;
			children = (
				ED419DD19D4D78B66E31011F /* SessionsView.swift */,
			);
			path = Sessions;
			sourceTree = "<group>";
		};
		FC8194F589C7EF1C3E4AB306 /* Services */ = {
			isa = PBXGroup;
			children = (
				7F5BDED9523A1BEC3B4DC97B /* AgentVisibilityFilter.swift */,
				A3C7973D896788BFDB71F813 /* AuthService.swift */,
				E688D7DD7FC3B8E4BC364E11 /* CronService.swift */,
				9EC82249A5F0A8C92E81219F /* GatewayJSON.swift */,
				69616A263537494B9D743A01 /* GatewayService.swift */,
				410EA26436F2FB7AEECCEA01 /* KeychainStore.swift */,
				1E9990238C49AF0E26410269 /* NodesDevicesService.swift */,
				F4F866350BC9A258A522755D /* OperatorChatTransport.swift */,
				A890689B8CB3E62CC7909EAF /* PermissionsDataService.swift */,
				768982112324E0150937A68D /* PersistenceContainer.swift */,
				2800FB1EEF5AE6C1F3583E5A /* SettingsStore.swift */,
				6943857A9306B6FE8A74FFEC /* SkillsDataService.swift */,
				FE9A703D6E90E333D4857559 /* ToolsCatalogService.swift */,
				4BD9558F7023937EA2A29E52 /* UsersDataService.swift */,
			);
			path = Services;
			sourceTree = "<group>";
		};
/* End PBXGroup section */

/* Begin PBXNativeTarget section */
		03692E8941A06C7A02B63599 /* OpenClawManagementIOSApp */ = {
			isa = PBXNativeTarget;
			buildConfigurationList = C8E403056F875F24E8EDE188 /* Build configuration list for PBXNativeTarget "OpenClawManagementIOSApp" */;
			buildPhases = (
				E7561BC7D3C0CAFC2E6DBD72 /* Sources */,
				5BE55CD337BFCA39EADA8259 /* Frameworks */,
			);
			buildRules = (
			);
			dependencies = (
			);
			name = OpenClawManagementIOSApp;
			packageProductDependencies = (
				2BEA4BC7B2E503FB141E5190 /* OpenClawKit */,
				F4A61E12C7CABAC8B51BD459 /* OpenClawProtocol */,
				39C378382B4F14B9EA0EDCD9 /* OpenClawChatUI */,
			);
			productName = OpenClawManagementIOSApp;
			productReference = 6854712661D24BB32D9A19D0 /* OpenClawManagementIOSApp.app */;
			productType = "com.apple.product-type.application";
		};
/* End PBXNativeTarget section */

/* Begin PBXProject section */
		B55245BFB74E5DD42DA0DB92 /* Project object */ = {
			isa = PBXProject;
			attributes = {
				BuildIndependentTargetsInParallel = YES;
				LastUpgradeCheck = 1430;
				TargetAttributes = {
					03692E8941A06C7A02B63599 = {
						DevelopmentTeam = RWRPFBTAZS;
						ProvisioningStyle = Automatic;
					};
				};
			};
			buildConfigurationList = D9E15A2464185A7C920EEBCA /* Build configuration list for PBXProject "OpenClawManagementIOSApp" */;
			developmentRegion = en;
			hasScannedForEncodings = 0;
			knownRegions = (
				Base,
				en,
			);
			mainGroup = C2727F5CB61643F5DE00E66D;
			minimizedProjectReferenceProxies = 1;
			packageReferences = (
				6B04A50BF0FD0F4CB12C5839 /* XCLocalSwiftPackageReference "../../shared/OpenClawKit" */,
			);
			preferredProjectObjectVersion = 77;
			productRefGroup = 1B9D4676AC0E08385DD5388A /* Products */;
			projectDirPath = "";
			projectRoot = "";
			targets = (
				03692E8941A06C7A02B63599 /* OpenClawManagementIOSApp */,
			);
		};
/* End PBXProject section */

/* Begin PBXSourcesBuildPhase section */
		E7561BC7D3C0CAFC2E6DBD72 /* Sources */ = {
			isa = PBXSourcesBuildPhase;
			buildActionMask = 2147483647;
			files = (
				628013BAB9FE9BF48B91A54D /* AgentVisibilityFilter.swift in Sources */,
				9F08FAF0E7BA73A5A3FCF867 /* AgentsView.swift in Sources */,
				F01F740CD6CEA2B6A6E9B2C4 /* AppUser.swift in Sources */,
				4128463ADB321822EB5FF444 /* AuthService.swift in Sources */,
				13BDB4A5FA7284FCCC900EC6 /* CallsView.swift in Sources */,
				6A720777D3498C7109EBDFF7 /* ChatContainerView.swift in Sources */,
				344D547C4B4C89A5011C6415 /* ConnectionSettingsView.swift in Sources */,
				1E98FB17E640348E52512F46 /* ContentView.swift in Sources */,
				E5B775169C675FA093BCDEC8 /* CronService.swift in Sources */,
				589F1A50249FEFD603F3B655 /* CronView.swift in Sources */,
				10A9FD47F04B321825505D0E /* DashboardView.swift in Sources */,
				AC83CAFAAD972CB00FA5DD1B /* DesignTokens.swift in Sources */,
				460B9D5ED99FABA763BDC13E /* DevicesView.swift in Sources */,
				C2330CF1BD6D724C51738096 /* GatewayJSON.swift in Sources */,
				26D864E1A108689FAF00252E /* GatewayService.swift in Sources */,
				57DD97801B575B6BBDDB2749 /* KeychainStore.swift in Sources */,
				ECEDCFBD9FE70A5C34C794CC /* LoginView.swift in Sources */,
				DF35431C3124EE466749A6FC /* LogsView.swift in Sources */,
				5932BA698B798605D7247405 /* MonitoringView.swift in Sources */,
				60A520B0EE9B2D3E2092ED85 /* NodesDevicesService.swift in Sources */,
				35CCB235846DFB11FB94546E /* NodesView.swift in Sources */,
				8898E279B2DDD3C55B12C0E5 /* OpenClawManagementIOS.swift in Sources */,
				E2218858CF75A9566D226F0C /* OperatorChatTransport.swift in Sources */,
				93E09F6F3442C29A52D529B0 /* PermissionsDataService.swift in Sources */,
				97C4AC650A45D31034A1EB47 /* PermissionsView.swift in Sources */,
				10CE10DD8193603C68610BB1 /* PersistenceContainer.swift in Sources */,
				21577310B33F787201EE9FD9 /* SessionsView.swift in Sources */,
				EF214B82A1C4C13A7C3E7D79 /* SettingsStore.swift in Sources */,
				B51EDBF11957F5398B5EDA76 /* SkillsDataService.swift in Sources */,
				6B6388146A951EE4616772DD /* SkillsView.swift in Sources */,
				CF8141E2985EF90B576E4C39 /* SwiftUI+Extensions.swift in Sources */,
				0F8FFB4D6A9BD4074AF5795B /* ToolsCatalogService.swift in Sources */,
				657861719D256B0B94502680 /* ToolsView.swift in Sources */,
				CCE7CBA6289F6D3C22E755BE /* UserSheets.swift in Sources */,
				3FEC91D0A22914016A28E14A /* UsersDataService.swift in Sources */,
				D8526C63F5088B38AB0CCF9D /* UsersView.swift in Sources */,
			);
			runOnlyForDeploymentPostprocessing = 0;
		};
/* End PBXSourcesBuildPhase section */

/* Begin XCBuildConfiguration section */
		05ECEFCED800CCDFBA56B5B8 /* Release */ = {
			isa = XCBuildConfiguration;
			buildSettings = {
				ASSETCATALOG_COMPILER_APPICON_NAME = AppIcon;
				CODE_SIGN_IDENTITY = "Apple Development";
				CODE_SIGN_STYLE = Automatic;
				DEVELOPMENT_ASSET_PATHS = "";
				DEVELOPMENT_TEAM = RWRPFBTAZS;
				INFOPLIST_FILE = null;
				LD_RUNPATH_SEARCH_PATHS = (
					"$(inherited)",
					"@executable_path/Frameworks",
				);
				PRODUCT_BUNDLE_IDENTIFIER = ai.openclaw.ios.test.bpc;
				SDKROOT = iphoneos;
				SWIFT_VERSION = 6.0;
				TARGETED_DEVICE_FAMILY = "1,2";
			};
			name = Release;
		};
		2D18626272C511351A775099 /* Debug */ = {
			isa = XCBuildConfiguration;
			buildSettings = {
				ALWAYS_SEARCH_USER_PATHS = NO;
				CLANG_ANALYZER_NONNULL = YES;
				CLANG_ANALYZER_NUMBER_OBJECT_CONVERSION = YES_AGGRESSIVE;
				CLANG_CXX_LANGUAGE_STANDARD = "gnu++14";
				CLANG_CXX_LIBRARY = "libc++";
				CLANG_ENABLE_MODULES = YES;
				CLANG_ENABLE_OBJC_ARC = YES;
				CLANG_ENABLE_OBJC_WEAK = YES;
				CLANG_WARN_BLOCK_CAPTURE_AUTORELEASING = YES;
				CLANG_WARN_BOOL_CONVERSION = YES;
				CLANG_WARN_COMMA = YES;
				CLANG_WARN_CONSTANT_CONVERSION = YES;
				CLANG_WARN_DEPRECATED_OBJC_IMPLEMENTATIONS = YES;
				CLANG_WARN_DIRECT_OBJC_ISA_USAGE = YES_ERROR;
				CLANG_WARN_DOCUMENTATION_COMMENTS = YES;
				CLANG_WARN_EMPTY_BODY = YES;
				CLANG_WARN_ENUM_CONVERSION = YES;
				CLANG_WARN_INFINITE_RECURSION = YES;
				CLANG_WARN_INT_CONVERSION = YES;
				CLANG_WARN_NON_LITERAL_NULL_CONVERSION = YES;
				CLANG_WARN_OBJC_IMPLICIT_RETAIN_SELF = YES;
				CLANG_WARN_OBJC_LITERAL_CONVERSION = YES;
				CLANG_WARN_OBJC_ROOT_CLASS = YES_ERROR;
				CLANG_WARN_QUOTED_INCLUDE_IN_FRAMEWORK_HEADER = YES;
				CLANG_WARN_RANGE_LOOP_ANALYSIS = YES;
				CLANG_WARN_STRICT_PROTOTYPES = YES;
				CLANG_WARN_SUSPICIOUS_MOVE = YES;
				CLANG_WARN_UNGUARDED_AVAILABILITY = YES_AGGRESSIVE;
				CLANG_WARN_UNREACHABLE_CODE = YES;
				CLANG_WARN__DUPLICATE_METHOD_MATCH = YES;
				COPY_PHASE_STRIP = NO;
				DEBUG_INFORMATION_FORMAT = dwarf;
				ENABLE_STRICT_OBJC_MSGSEND = YES;
				ENABLE_TESTABILITY = YES;
				GCC_C_LANGUAGE_STANDARD = gnu11;
				GCC_DYNAMIC_NO_PIC = NO;
				GCC_NO_COMMON_BLOCKS = YES;
				GCC_OPTIMIZATION_LEVEL = 0;
				GCC_PREPROCESSOR_DEFINITIONS = (
					"$(inherited)",
					"DEBUG=1",
				);
				GCC_WARN_64_TO_32_BIT_CONVERSION = YES;
				GCC_WARN_ABOUT_RETURN_TYPE = YES_ERROR;
				GCC_WARN_UNDECLARED_SELECTOR = YES;
				GCC_WARN_UNINITIALIZED_AUTOS = YES_AGGRESSIVE;
				GCC_WARN_UNUSED_FUNCTION = YES;
				GCC_WARN_UNUSED_VARIABLE = YES;
				IPHONEOS_DEPLOYMENT_TARGET = 18.0;
				MTL_ENABLE_DEBUG_INFO = INCLUDE_SOURCE;
				MTL_FAST_MATH = YES;
				ONLY_ACTIVE_ARCH = YES;
				PRODUCT_NAME = "$(TARGET_NAME)";
				SDKROOT = iphoneos;
				SWIFT_ACTIVE_COMPILATION_CONDITIONS = DEBUG;
				SWIFT_OPTIMIZATION_LEVEL = "-Onone";
				SWIFT_VERSION = 5.0;
			};
			name = Debug;
		};
		75D32CBD5D4F5BD9B88E88D1 /* Release */ = {
			isa = XCBuildConfiguration;
			buildSettings = {
				ALWAYS_SEARCH_USER_PATHS = NO;
				CLANG_ANALYZER_NONNULL = YES;
				CLANG_ANALYZER_NUMBER_OBJECT_CONVERSION = YES_AGGRESSIVE;
				CLANG_CXX_LANGUAGE_STANDARD = "gnu++14";
				CLANG_CXX_LIBRARY = "libc++";
				CLANG_ENABLE_MODULES = YES;
				CLANG_ENABLE_OBJC_ARC = YES;
				CLANG_ENABLE_OBJC_WEAK = YES;
				CLANG_WARN_BLOCK_CAPTURE_AUTORELEASING = YES;
				CLANG_WARN_BOOL_CONVERSION = YES;
				CLANG_WARN_COMMA = YES;
				CLANG_WARN_CONSTANT_CONVERSION = YES;
				CLANG_WARN_DEPRECATED_OBJC_IMPLEMENTATIONS = YES;
				CLANG_WARN_DIRECT_OBJC_ISA_USAGE = YES_ERROR;
				CLANG_WARN_DOCUMENTATION_COMMENTS = YES;
				CLANG_WARN_EMPTY_BODY = YES;
				CLANG_WARN_ENUM_CONVERSION = YES;
				CLANG_WARN_INFINITE_RECURSION = YES;
				CLANG_WARN_INT_CONVERSION = YES;
				CLANG_WARN_NON_LITERAL_NULL_CONVERSION = YES;
				CLANG_WARN_OBJC_IMPLICIT_RETAIN_SELF = YES;
				CLANG_WARN_OBJC_LITERAL_CONVERSION = YES;
				CLANG_WARN_OBJC_ROOT_CLASS = YES_ERROR;
				CLANG_WARN_QUOTED_INCLUDE_IN_FRAMEWORK_HEADER = YES;
				CLANG_WARN_RANGE_LOOP_ANALYSIS = YES;
				CLANG_WARN_STRICT_PROTOTYPES = YES;
				CLANG_WARN_SUSPICIOUS_MOVE = YES;
				CLANG_WARN_UNGUARDED_AVAILABILITY = YES_AGGRESSIVE;
				CLANG_WARN_UNREACHABLE_CODE = YES;
				CLANG_WARN__DUPLICATE_METHOD_MATCH = YES;
				COPY_PHASE_STRIP = NO;
				DEBUG_INFORMATION_FORMAT = "dwarf-with-dsym";
				ENABLE_NS_ASSERTIONS = NO;
				ENABLE_STRICT_OBJC_MSGSEND = YES;
				GCC_C_LANGUAGE_STANDARD = gnu11;
				GCC_NO_COMMON_BLOCKS = YES;
				GCC_WARN_64_TO_32_BIT_CONVERSION = YES;
				GCC_WARN_ABOUT_RETURN_TYPE = YES_ERROR;
				GCC_WARN_UNDECLARED_SELECTOR = YES;
				GCC_WARN_UNINITIALIZED_AUTOS = YES_AGGRESSIVE;
				GCC_WARN_UNUSED_FUNCTION = YES;
				GCC_WARN_UNUSED_VARIABLE = YES;
				IPHONEOS_DEPLOYMENT_TARGET = 18.0;
				MTL_ENABLE_DEBUG_INFO = NO;
				MTL_FAST_MATH = YES;
				PRODUCT_NAME = "$(TARGET_NAME)";
				SDKROOT = iphoneos;
				SWIFT_COMPILATION_MODE = wholemodule;
				SWIFT_OPTIMIZATION_LEVEL = "-O";
				SWIFT_VERSION = 5.0;
			};
			name = Release;
		};
		F7FBC688CDF676DB12F037C6 /* Debug */ = {
			isa = XCBuildConfiguration;
			buildSettings = {
				ASSETCATALOG_COMPILER_APPICON_NAME = AppIcon;
				CODE_SIGN_IDENTITY = "Apple Development";
				CODE_SIGN_STYLE = Automatic;
				DEVELOPMENT_ASSET_PATHS = "";
				DEVELOPMENT_TEAM = RWRPFBTAZS;
				INFOPLIST_FILE = null;
				LD_RUNPATH_SEARCH_PATHS = (
					"$(inherited)",
					"@executable_path/Frameworks",
				);
				PRODUCT_BUNDLE_IDENTIFIER = ai.openclaw.ios.test.bpc;
				SDKROOT = iphoneos;
				SWIFT_VERSION = 6.0;
				TARGETED_DEVICE_FAMILY = "1,2";
			};
			name = Debug;
		};
/* End XCBuildConfiguration section */

/* Begin XCConfigurationList section */
		C8E403056F875F24E8EDE188 /* Build configuration list for PBXNativeTarget "OpenClawManagementIOSApp" */ = {
			isa = XCConfigurationList;
			buildConfigurations = (
				F7FBC688CDF676DB12F037C6 /* Debug */,
				05ECEFCED800CCDFBA56B5B8 /* Release */,
			);
			defaultConfigurationIsVisible = 0;
			defaultConfigurationName = Debug;
		};
		D9E15A2464185A7C920EEBCA /* Build configuration list for PBXProject "OpenClawManagementIOSApp" */ = {
			isa = XCConfigurationList;
			buildConfigurations = (
				2D18626272C511351A775099 /* Debug */,
				75D32CBD5D4F5BD9B88E88D1 /* Release */,
			);
			defaultConfigurationIsVisible = 0;
			defaultConfigurationName = Debug;
		};
/* End XCConfigurationList section */

/* Begin XCLocalSwiftPackageReference section */
		6B04A50BF0FD0F4CB12C5839 /* XCLocalSwiftPackageReference "../../shared/OpenClawKit" */ = {
			isa = XCLocalSwiftPackageReference;
			relativePath = ../../shared/OpenClawKit;
		};
/* End XCLocalSwiftPackageReference section */

/* Begin XCSwiftPackageProductDependency section */
		2BEA4BC7B2E503FB141E5190 /* OpenClawKit */ = {
			isa = XCSwiftPackageProductDependency;
			productName = OpenClawKit;
		};
		39C378382B4F14B9EA0EDCD9 /* OpenClawChatUI */ = {
			isa = XCSwiftPackageProductDependency;
			productName = OpenClawChatUI;
		};
		F4A61E12C7CABAC8B51BD459 /* OpenClawProtocol */ = {
			isa = XCSwiftPackageProductDependency;
			productName = OpenClawProtocol;
		};
/* End XCSwiftPackageProductDependency section */
	};
	rootObject = B55245BFB74E5DD42DA0DB92 /* Project object */;
}
